# THIS IS AN AUTOGENERATED FILE. DO NOT EDIT THIS FILE DIRECTLY.
# yarn lockfile v1


"@discordjs/collection@^0.1.6":
  version "0.1.6"
  resolved "https://registry.npmjs.org/@discordjs/collection/-/collection-0.1.6.tgz"
  integrity sha512-utRNxnd9kSS2qhyivo9lMlt5qgAUasH2gb7BEOn6p0efFh24gjGomHzWKMAPn2hEReOPQZCJaRKoURwRotKucQ==

"@discordjs/form-data@^3.0.1":
  version "3.0.1"
  resolved "https://registry.npmjs.org/@discordjs/form-data/-/form-data-3.0.1.tgz"
  integrity sha512-ZfFsbgEXW71Rw/6EtBdrP5VxBJy4dthyC0tpQKGKmYFImlmmrykO14Za+BiIVduwjte0jXEBlhSKf0MWbFp9Eg==
  dependencies:
    asynckit "^0.4.0"
    combined-stream "^1.0.8"
    mime-types "^2.1.12"

"@sapphire/async-queue@^1.1.2":
  version "1.1.4"
  resolved "https://registry.npmjs.org/@sapphire/async-queue/-/async-queue-1.1.4.tgz"
  integrity sha512-fFrlF/uWpGOX5djw5Mu2Hnnrunao75WGey0sP0J3jnhmrJ5TAPzHYOmytD5iN/+pMxS+f+u/gezqHa9tPhRHEA==

"@tendermint/belt@0.3.0":
  version "0.3.0"
  resolved "https://registry.npmjs.org/@tendermint/belt/-/belt-0.3.0.tgz"
  integrity sha512-3ZIsrbh9HLGM8cFyptK5iBeWou30srDiBjY8cVXFkz8aqPprt0OT7T9JqiqoG570x1pB0xiKwDDBxtQ120Gxug==
  dependencies:
    "@tendermint/types" "0.1.2"

"@tendermint/sig@^0.6.0":
  version "0.6.0"
  resolved "https://registry.npmjs.org/@tendermint/sig/-/sig-0.6.0.tgz"
  integrity sha512-qbAETvlDMghtPA2/HXSi0NKmtm/AL2iDUpivJQ9w/7kzifKIP15mJF4jx0y3TwG9vSYjQ/+NKTgJPTT6UJ+JKg==
  dependencies:
    "@tendermint/belt" "0.3.0"
    "@tendermint/types" "0.1.2"
    bech32 "1.1.4"
    bip32 "2.0.5"
    bip39 "3.0.2"
    create-hash "1.2.0"
    secp256k1 "4.0.1"

"@tendermint/types@0.1.2":
  version "0.1.2"
  resolved "https://registry.npmjs.org/@tendermint/types/-/types-0.1.2.tgz"
  integrity sha512-VTYYB5xj6jRS0FnJWaSTuDBYOrXXxz1T23tJHuCkK2VGAqHOwaNHrtUK+fKSaYIoCDr21JM0S+uGej5Toqw1aQ==

"@types/bson@*":
  version "4.0.3"
  resolved "https://registry.npmjs.org/@types/bson/-/bson-4.0.3.tgz"
  integrity sha512-mVRvYnTOZJz3ccpxhr3wgxVmSeiYinW+zlzQz3SXWaJmD1DuL05Jeq7nKw3SnbKmbleW5qrLG5vdyWe/A9sXhw==
  dependencies:
    "@types/node" "*"

"@types/mongodb@^3.5.27":
  version "3.6.18"
  resolved "https://registry.npmjs.org/@types/mongodb/-/mongodb-3.6.18.tgz"
  integrity sha512-JSVFt9p0rTfZ4EgzXmVHUB3ue00xe3CRbQho8nXfImzEDDM4O7I3po1bwbWl/EIbLENxUreZxqLOc8lvcnLVPA==
  dependencies:
    "@types/bson" "*"
    "@types/node" "*"

"@types/node@*":
  version "15.12.5"
  resolved "https://registry.npmjs.org/@types/node/-/node-15.12.5.tgz"
  integrity sha512-se3yX7UHv5Bscf8f1ERKvQOD6sTyycH3hdaoozvaLxgUiY5lIGEeH37AD0G0Qi9kPqihPn0HOfd2yaIEN9VwEg==

"@types/node@10.12.18":
  version "10.12.18"
  resolved "https://registry.npmjs.org/@types/node/-/node-10.12.18.tgz"
  integrity sha512-fh+pAqt4xRzPfqA6eh3Z2y6fyZavRIumvjhaCL753+TVkGKGhpPeyrJG2JftD0T9q4GF00KjefsQ+PQNDdWQaQ==

"@types/node@11.11.6":
  version "11.11.6"
  resolved "https://registry.npmjs.org/@types/node/-/node-11.11.6.tgz"
  integrity sha512-Exw4yUWMBXM3X+8oqzJNRqZSwUAaS4+7NdvHqQuFi/d+synz++xmX3QIf+BFqneW8N31R8Ky+sikfZUXq07ggQ==

"@types/node@^15.12.4":
  version "15.12.4"
  resolved "https://registry.npmjs.org/@types/node/-/node-15.12.4.tgz"
  integrity sha512-zrNj1+yqYF4WskCMOHwN+w9iuD12+dGm0rQ35HLl9/Ouuq52cEtd0CH9qMgrdNmi5ejC1/V7vKEXYubB+65DkA==

"@types/ws@^7.4.4":
  version "7.4.5"
  resolved "https://registry.npmjs.org/@types/ws/-/ws-7.4.5.tgz"
  integrity sha512-8mbDgtc8xpxDDem5Gwj76stBDJX35KQ3YBoayxlqUQcL5BZUthiqP/VQ4PQnLHqM4PmlbyO74t98eJpURO+gPA==
  dependencies:
    "@types/node" "*"

abort-controller@^3.0.0:
  version "3.0.0"
  resolved "https://registry.npmjs.org/abort-controller/-/abort-controller-3.0.0.tgz"
  integrity sha512-h8lQ8tacZYnR3vNQTgibj+tODHI5/+l06Au2Pcriv/Gmet0eaj4TwWH41sO9wnHDiQsEj19q0drzdWdeAHtweg==
  dependencies:
    event-target-shim "^5.0.0"

async-limiter@~1.0.0:
  version "1.0.1"
  resolved "https://registry.npmjs.org/async-limiter/-/async-limiter-1.0.1.tgz"
  integrity sha512-csOlWGAcRFJaI6m+F2WKdnMKr4HhdhFVBk0H/QbJFMCr+uO2kwohwXQPxw/9OCxp05r5ghVBFSyioixx3gfkNQ==

asynckit@^0.4.0:
  version "0.4.0"
  resolved "https://registry.npmjs.org/asynckit/-/asynckit-0.4.0.tgz"
  integrity sha1-x57Zf380y48robyXkLzDZkdLS3k=

axios@^0.19.0:
  version "0.19.2"
  resolved "https://registry.npmjs.org/axios/-/axios-0.19.2.tgz"
  integrity sha512-fjgm5MvRHLhx+osE2xoekY70AhARk3a6hkN+3Io1jc00jtquGvxYlKlsFUhmUET0V5te6CcZI7lcv2Ym61mjHA==
  dependencies:
    follow-redirects "1.5.10"

axios@^0.21.0, axios@^0.21.1:
  version "0.21.1"
  resolved "https://registry.npmjs.org/axios/-/axios-0.21.1.tgz"
  integrity sha512-dKQiRHxGD9PPRIUNIWvZhPTPpl1rf/OxTYKsqKUDjBwYylTvV7SjSHJb9ratfyzM6wCdLCOYLzs73qpg5c4iGA==
  dependencies:
    follow-redirects "^1.10.0"

base-x@^3.0.2:
  version "3.0.8"
  resolved "https://registry.npmjs.org/base-x/-/base-x-3.0.8.tgz"
  integrity sha512-Rl/1AWP4J/zRrk54hhlxH4drNxPJXYUaKffODVI53/dAsV4t9fBxyxYKAVPU1XBHxYwOWP9h9H0hM2MVw4YfJA==
  dependencies:
    safe-buffer "^5.0.1"

bech32@1.1.4:
  version "1.1.4"
  resolved "https://registry.npmjs.org/bech32/-/bech32-1.1.4.tgz"
  integrity sha512-s0IrSOzLlbvX7yp4WBfPITzpAU8sqQcpsmwXDiKwrG4r491vwCO/XpejasRNl0piBMe/DvP4Tz0mIS/X1DPJBQ==

bech32@^2.0.0:
  version "2.0.0"
  resolved "https://registry.npmjs.org/bech32/-/bech32-2.0.0.tgz"
  integrity sha512-LcknSilhIGatDAsY1ak2I8VtGaHNhgMSYVxFrGLXv+xLHytaKZKcaUJJUE7qmBr7h33o5YQwP55pMI0xmkpJwg==

bindings@^1.3.0:
  version "1.5.0"
  resolved "https://registry.npmjs.org/bindings/-/bindings-1.5.0.tgz"
  integrity sha512-p2q/t/mhvuOj/UeLlV6566GD/guowlr0hHxClI0W9m7MWYkL1F0hLo+0Aexs9HSPCtR1SXQ0TD3MMKrXZajbiQ==
  dependencies:
    file-uri-to-path "1.0.0"

bip32@2.0.5:
  version "2.0.5"
  resolved "https://registry.npmjs.org/bip32/-/bip32-2.0.5.tgz"
  integrity sha512-zVY4VvJV+b2fS0/dcap/5XLlpqtgwyN8oRkuGgAS1uLOeEp0Yo6Tw2yUTozTtlrMJO3G8n4g/KX/XGFHW6Pq3g==
  dependencies:
    "@types/node" "10.12.18"
    bs58check "^2.1.1"
    create-hash "^1.2.0"
    create-hmac "^1.1.7"
    tiny-secp256k1 "^1.1.3"
    typeforce "^1.11.5"
    wif "^2.0.6"

bip39@3.0.2:
  version "3.0.2"
  resolved "https://registry.npmjs.org/bip39/-/bip39-3.0.2.tgz"
  integrity sha512-J4E1r2N0tUylTKt07ibXvhpT2c5pyAFgvuA5q1H9uDy6dEGpjV8jmymh3MTYJDLCNbIVClSB9FbND49I6N24MQ==
  dependencies:
    "@types/node" "11.11.6"
    create-hash "^1.1.0"
    pbkdf2 "^3.0.9"
    randombytes "^2.0.1"

bl@^2.2.1:
  version "2.2.1"
  resolved "https://registry.npmjs.org/bl/-/bl-2.2.1.tgz"
  integrity sha512-6Pesp1w0DEX1N550i/uGV/TqucVL4AM/pgThFSN/Qq9si1/DF9aIHs1BxD8V/QU0HoeHO6cQRTAuYnLPKq1e4g==
  dependencies:
    readable-stream "^2.3.5"
    safe-buffer "^5.1.1"

bluebird@3.5.1:
  version "3.5.1"
  resolved "https://registry.npmjs.org/bluebird/-/bluebird-3.5.1.tgz"
  integrity sha512-MKiLiV+I1AA596t9w1sQJ8jkiSr5+ZKi0WKrYGUn6d1Fx+Ij4tIj+m2WMQSGczs5jZVxV339chE8iwk6F64wjA==

bn.js@^4.11.8, bn.js@^4.11.9:
  version "4.12.0"
  resolved "https://registry.npmjs.org/bn.js/-/bn.js-4.12.0.tgz"
  integrity sha512-c98Bf3tPniI+scsdk237ku1Dc3ujXQTSgyiPUDEOe7tRkhrqridvh8klBv0HCEso1OLOYcHuCv/cS6DNxKH+ZA==

brorand@^1.1.0:
  version "1.1.0"
  resolved "https://registry.npmjs.org/brorand/-/brorand-1.1.0.tgz"
  integrity sha1-EsJe/kCkXjwyPrhnWgoM5XsiNx8=

bs58@^4.0.0:
  version "4.0.1"
  resolved "https://registry.npmjs.org/bs58/-/bs58-4.0.1.tgz"
  integrity sha1-vhYedsNU9veIrkBx9j806MTwpCo=
  dependencies:
    base-x "^3.0.2"

bs58check@<3.0.0, bs58check@^2.1.1:
  version "2.1.2"
  resolved "https://registry.npmjs.org/bs58check/-/bs58check-2.1.2.tgz"
  integrity sha512-0TS1jicxdU09dwJMNZtVAfzPi6Q6QeN0pM1Fkzrjn+XYHvzMKPU3pHVpva+769iNVSfIYWf7LJ6WR+BuuMf8cA==
  dependencies:
    bs58 "^4.0.0"
    create-hash "^1.1.0"
    safe-buffer "^5.1.2"

bson@^1.1.4:
  version "1.1.6"
  resolved "https://registry.npmjs.org/bson/-/bson-1.1.6.tgz"
  integrity sha512-EvVNVeGo4tHxwi8L6bPj3y3itEvStdwvvlojVxxbyYfoaxJ6keLgrTuKdyfEAszFK+H3olzBuafE0yoh0D1gdg==

call-bind@^1.0.0:
  version "1.0.2"
  resolved "https://registry.yarnpkg.com/call-bind/-/call-bind-1.0.2.tgz#b1d4e89e688119c3c9a903ad30abb2f6a919be3c"
  integrity sha512-7O+FbCihrB5WGbFYesctwmTKae6rOiIzmz1icreWJ+0aA7LJfuqhEso2T9ncpcFtzMQtzXf2QGGueWJGTYsqrA==
  dependencies:
    function-bind "^1.1.1"
    get-intrinsic "^1.0.2"

camelcase@^4.0.0:
  version "4.1.0"
  resolved "https://registry.npmjs.org/camelcase/-/camelcase-4.1.0.tgz"
  integrity sha1-1UVjW+HjPFQmScaRc+Xeas+uNN0=

cipher-base@^1.0.1, cipher-base@^1.0.3:
  version "1.0.4"
  resolved "https://registry.npmjs.org/cipher-base/-/cipher-base-1.0.4.tgz"
  integrity sha512-Kkht5ye6ZGmwv40uUDZztayT2ThLQGfnj/T71N/XzeZeo3nf8foyW7zGTsPYkEya3m5f3cAypH+qe7YOrM1U2Q==
  dependencies:
    inherits "^2.0.1"
    safe-buffer "^5.0.1"

combined-stream@^1.0.8:
  version "1.0.8"
  resolved "https://registry.npmjs.org/combined-stream/-/combined-stream-1.0.8.tgz"
  integrity sha512-FQN4MRfuJeHf7cBbBMJFXhKSDq+2kAArBlmRBvcvFE5BB1HZKXtSFASDhdlz9zOYwxh8lDdnvmMOe/+5cdoEdg==
  dependencies:
    delayed-stream "~1.0.0"

core-util-is@~1.0.0:
  version "1.0.2"
  resolved "https://registry.npmjs.org/core-util-is/-/core-util-is-1.0.2.tgz"
  integrity sha1-tf1UIgqivFq1eqtxQMlAdUUDwac=

create-hash@1.2.0, create-hash@^1.1.0, create-hash@^1.1.2, create-hash@^1.1.3, create-hash@^1.2.0:
  version "1.2.0"
  resolved "https://registry.npmjs.org/create-hash/-/create-hash-1.2.0.tgz"
  integrity sha512-z00bCGNHDG8mHAkP7CtT1qVu+bFQUPjYq/4Iv3C3kWjTFV10zIjfSoeqXo9Asws8gwSHDGj/hl2u4OGIjapeCg==
  dependencies:
    cipher-base "^1.0.1"
    inherits "^2.0.1"
    md5.js "^1.3.4"
    ripemd160 "^2.0.1"
    sha.js "^2.4.0"

create-hmac@^1.1.4, create-hmac@^1.1.7:
  version "1.1.7"
  resolved "https://registry.npmjs.org/create-hmac/-/create-hmac-1.1.7.tgz"
  integrity sha512-MJG9liiZ+ogc4TzUwuvbER1JRdgvUFSB5+VR/g5h82fGaIRWMWddtKBHi7/sVhfjQZ6SehlyhvQYrcYkaUIpLg==
  dependencies:
    cipher-base "^1.0.3"
    create-hash "^1.1.0"
    inherits "^2.0.1"
    ripemd160 "^2.0.0"
    safe-buffer "^5.0.1"
    sha.js "^2.4.8"

cron-parser@^3.1.0:
  version "3.5.0"
  resolved "https://registry.yarnpkg.com/cron-parser/-/cron-parser-3.5.0.tgz#b1a9da9514c0310aa7ef99c2f3f1d0f8c235257c"
  integrity sha512-wyVZtbRs6qDfFd8ap457w3XVntdvqcwBGxBoTvJQH9KGVKL/fB+h2k3C8AqiVxvUQKN1Ps/Ns46CNViOpVDhfQ==
  dependencies:
    is-nan "^1.3.2"
    luxon "^1.26.0"

debug@3.1.0, debug@=3.1.0:
  version "3.1.0"
  resolved "https://registry.npmjs.org/debug/-/debug-3.1.0.tgz"
  integrity sha512-OX8XqP7/1a9cqkxYw2yXss15f26NKWBpDXQd0/uK/KPqdQhxbPa994hnzjcE2VqQpDslf55723cKPUOGSmMY3g==
  dependencies:
    ms "2.0.0"

debug@^3.1.0:
  version "3.2.7"
  resolved "https://registry.npmjs.org/debug/-/debug-3.2.7.tgz"
  integrity sha512-CFjzYYAi4ThfiQvizrFQevTTXHtnCqWfe7x1AhgEscTz6ZbLbfoLRLPugTQyBth6f8ZERVUSyWHFD/7Wu4t1XQ==
  dependencies:
    ms "^2.1.1"

define-properties@^1.1.3:
  version "1.1.3"
  resolved "https://registry.yarnpkg.com/define-properties/-/define-properties-1.1.3.tgz#cf88da6cbee26fe6db7094f61d870cbd84cee9f1"
  integrity sha512-3MqfYKj2lLzdMSf8ZIZE/V+Zuy+BgD6f164e8K2w7dgnpKArBDerGYpM46IYYcjnkdPNMjPk9A6VFB8+3SKlXQ==
  dependencies:
    object-keys "^1.0.12"

delayed-stream@~1.0.0:
  version "1.0.0"
  resolved "https://registry.npmjs.org/delayed-stream/-/delayed-stream-1.0.0.tgz"
  integrity sha1-3zrhmayt+31ECqrgsp4icrJOxhk=

denque@^1.4.1:
  version "1.5.0"
  resolved "https://registry.npmjs.org/denque/-/denque-1.5.0.tgz"
  integrity sha512-CYiCSgIF1p6EUByQPlGkKnP1M9g0ZV3qMIrqMqZqdwazygIA/YP2vrbcyl1h/WppKJTdl1F85cXIle+394iDAQ==

discord-api-types@^0.19.0-next.f393ba520d7d6d2aacaca7b3ca5d355fab614f6e:
  version "0.19.0-next.f393ba520d7d6d2aacaca7b3ca5d355fab614f6e"
  resolved "https://registry.npmjs.org/discord-api-types/-/discord-api-types-0.19.0-next.f393ba520d7d6d2aacaca7b3ca5d355fab614f6e.tgz"
  integrity sha512-ttRA/8e/WKHDbGFfED5WlS7gID+kalmNr6iMiWBCvkphQ7kFHiTOVbnj/zX9ksaRaYXp/I38SCQ+qZvLu8DJZg==

discord-slash-commands-client@^1.2.1:
  version "1.2.1"
  resolved "https://registry.npmjs.org/discord-slash-commands-client/-/discord-slash-commands-client-1.2.1.tgz"
  integrity sha512-cojKQoOzi+fEqHZyEBhXJNyhqSC0VV2Onn9aCn6YdH0UWePVjXIL9Cf3sceLz41gHaDZPVqjPnRUxYsxUr2Kbw==
  dependencies:
    axios "^0.21.0"

discord.js-slash-command@^1.2.1:
  version "1.2.1"
  resolved "https://registry.npmjs.org/discord.js-slash-command/-/discord.js-slash-command-1.2.1.tgz"
  integrity sha512-sHW4UJ1LXfKjwN1FDZzxj3WEyRzLELQZtWSzjeKM/BMvxMOJ9HLnb9EDP5dPoncGTVtfqbQ3cpu7GCM7ZuobHQ==
  dependencies:
    discord.js "^12.5.3"
    node-fetch "^2.6.1"

discord.js@^12.5.3:
  version "12.5.3"
  resolved "https://registry.npmjs.org/discord.js/-/discord.js-12.5.3.tgz"
  integrity sha512-D3nkOa/pCkNyn6jLZnAiJApw2N9XrIsXUAdThf01i7yrEuqUmDGc7/CexVWwEcgbQR97XQ+mcnqJpmJ/92B4Aw==
  dependencies:
    "@discordjs/collection" "^0.1.6"
    "@discordjs/form-data" "^3.0.1"
    abort-controller "^3.0.0"
    node-fetch "^2.6.1"
    prism-media "^1.2.9"
    setimmediate "^1.0.5"
    tweetnacl "^1.0.3"
    ws "^7.4.4"

discord.js@^13.0.0-dev.5ad83a6a65e5944ceb3a41fee2df40ba1f5b03e4:
  version "13.0.0-dev.5ad83a6a65e5944ceb3a41fee2df40ba1f5b03e4"
  resolved "https://registry.npmjs.org/discord.js/-/discord.js-13.0.0-dev.5ad83a6a65e5944ceb3a41fee2df40ba1f5b03e4.tgz"
  integrity sha512-8zNPK3wsQJwDKIam0kHkhyOCt8jeUcYDrCYX14D3o321LAHuAZ8KX88oJFw/8ckG5OkfpLbz4hXLWZ15CeDOkg==
  dependencies:
    "@discordjs/collection" "^0.1.6"
    "@discordjs/form-data" "^3.0.1"
    "@sapphire/async-queue" "^1.1.2"
    "@types/ws" "^7.4.4"
    abort-controller "^3.0.0"
    discord-api-types "^0.19.0-next.f393ba520d7d6d2aacaca7b3ca5d355fab614f6e"
    node-fetch "^2.6.1"
    ws "^7.4.6"

dotenv@^10.0.0:
  version "10.0.0"
  resolved "https://registry.npmjs.org/dotenv/-/dotenv-10.0.0.tgz"
  integrity sha512-rlBi9d8jpv9Sf1klPjNfFAuWDjKLwTIJJ/VxtoTwIR6hnZxcEOQCZg2oIL3MWBYw5GpUDKOEnND7LXTbIpQ03Q==

dotenv@^8.2.0:
  version "8.6.0"
  resolved "https://registry.npmjs.org/dotenv/-/dotenv-8.6.0.tgz"
  integrity sha512-IrPdXQsk2BbzvCBGBOTmmSH5SodmqZNt4ERAZDmW4CT+tL8VtvinqywuANaFu4bOMWki16nqf0e4oC0QIaDr/g==

duplexify@^3.5.1, duplexify@^3.6.0:
  version "3.7.1"
  resolved "https://registry.npmjs.org/duplexify/-/duplexify-3.7.1.tgz"
  integrity sha512-07z8uv2wMyS51kKhD1KsdXJg5WQ6t93RneqRxUHnskXVtlYYkLqM0gqStQZ3pj073g687jPCHrqNfCzawLYh5g==
  dependencies:
    end-of-stream "^1.0.0"
    inherits "^2.0.1"
    readable-stream "^2.0.0"
    stream-shift "^1.0.0"

elliptic@^6.4.0, elliptic@^6.5.2:
  version "6.5.4"
  resolved "https://registry.npmjs.org/elliptic/-/elliptic-6.5.4.tgz"
  integrity sha512-iLhC6ULemrljPZb+QutR5TQGB+pdW6KGD5RSegS+8sorOZT+rdQFbsQFJgvN3eRqNALqJer4oQ16YvJHlU8hzQ==
  dependencies:
    bn.js "^4.11.9"
    brorand "^1.1.0"
    hash.js "^1.0.0"
    hmac-drbg "^1.0.1"
    inherits "^2.0.4"
    minimalistic-assert "^1.0.1"
    minimalistic-crypto-utils "^1.0.1"

end-of-stream@^1.0.0, end-of-stream@^1.1.0:
  version "1.4.4"
  resolved "https://registry.npmjs.org/end-of-stream/-/end-of-stream-1.4.4.tgz"
  integrity sha512-+uw1inIHVPQoaVuHzRyXd21icM+cnt4CzD5rW+NC1wjOUSTOs+Te7FOv7AhN7vS9x/oIyhLP5PR1H+phQAHu5Q==
  dependencies:
    once "^1.4.0"

event-target-shim@^5.0.0:
  version "5.0.1"
  resolved "https://registry.npmjs.org/event-target-shim/-/event-target-shim-5.0.1.tgz"
  integrity sha512-i/2XbnSz/uxRCU6+NdVJgKWDTM427+MqYbkQzD321DuCQJUqOuJKIA0IM2+W2xtYHdKOmZ4dR6fExsd4SXL+WQ==

file-uri-to-path@1.0.0:
  version "1.0.0"
  resolved "https://registry.npmjs.org/file-uri-to-path/-/file-uri-to-path-1.0.0.tgz"
  integrity sha512-0Zt+s3L7Vf1biwWZ29aARiVYLx7iMGnEUl9x33fbB/j3jR81u/O2LbqK+Bm1CDSNDKVtJ/YjwY7TUd5SkeLQLw==

follow-redirects@1.5.10:
  version "1.5.10"
  resolved "https://registry.npmjs.org/follow-redirects/-/follow-redirects-1.5.10.tgz"
  integrity sha512-0V5l4Cizzvqt5D44aTXbFZz+FtyXV1vrDN6qrelxtfYQKW0KO0W2T/hkE8xvGa/540LkZlkaUjO4ailYTFtHVQ==
  dependencies:
    debug "=3.1.0"

follow-redirects@^1.10.0:
  version "1.14.1"
  resolved "https://registry.npmjs.org/follow-redirects/-/follow-redirects-1.14.1.tgz"
  integrity sha512-HWqDgT7ZEkqRzBvc2s64vSZ/hfOceEol3ac/7tKwzuvEyWx3/4UegXh5oBOIotkGsObyk3xznnSRVADBgWSQVg==

function-bind@^1.1.1:
  version "1.1.1"
  resolved "https://registry.yarnpkg.com/function-bind/-/function-bind-1.1.1.tgz#a56899d3ea3c9bab874bb9773b7c5ede92f4895d"
  integrity sha512-yIovAzMX49sF8Yl58fSCWJ5svSLuaibPxXQJFLmBObTuCr0Mf1KiPopGM9NiFjiYBCbfaa2Fh6breQ6ANVTI0A==

get-intrinsic@^1.0.2:
  version "1.1.1"
  resolved "https://registry.yarnpkg.com/get-intrinsic/-/get-intrinsic-1.1.1.tgz#15f59f376f855c446963948f0d24cd3637b4abc6"
  integrity sha512-kWZrnVM42QCiEA2Ig1bG8zjoIMOgxWwYCEeNdwY6Tv/cOSeGpcoX4pXHfKUxNKVoArnrEr2e9srnAxxGIraS9Q==
  dependencies:
    function-bind "^1.1.1"
    has "^1.0.3"
    has-symbols "^1.0.1"

has-symbols@^1.0.1:
  version "1.0.2"
  resolved "https://registry.yarnpkg.com/has-symbols/-/has-symbols-1.0.2.tgz#165d3070c00309752a1236a479331e3ac56f1423"
  integrity sha512-chXa79rL/UC2KlX17jo3vRGz0azaWEx5tGqZg5pO3NUyEJVB17dMruQlzCCOfUvElghKcm5194+BCRvi2Rv/Gw==

has@^1.0.3:
  version "1.0.3"
  resolved "https://registry.yarnpkg.com/has/-/has-1.0.3.tgz#722d7cbfc1f6aa8241f16dd814e011e1f41e8796"
  integrity sha512-f2dvO0VU6Oej7RkWJGrehjbzMAjFp5/VKPp5tTpWIV4JHHZK1/BxbFRtf/siA2SWTe09caDmVtYYzWEIbBS4zw==
  dependencies:
    function-bind "^1.1.1"

hash-base@^3.0.0:
  version "3.1.0"
  resolved "https://registry.npmjs.org/hash-base/-/hash-base-3.1.0.tgz"
  integrity sha512-1nmYp/rhMDiE7AYkDw+lLwlAzz0AntGIe51F3RfFfEqyQ3feY2eI/NcwC6umIQVOASPMsWJLJScWKSSvzL9IVA==
  dependencies:
    inherits "^2.0.4"
    readable-stream "^3.6.0"
    safe-buffer "^5.2.0"

hash.js@^1.0.0, hash.js@^1.0.3:
  version "1.1.7"
  resolved "https://registry.npmjs.org/hash.js/-/hash.js-1.1.7.tgz"
  integrity sha512-taOaskGt4z4SOANNseOviYDvjEJinIkRgmp7LbKP2YTTmVxWBl87s/uzK9r+44BclBSp2X7K1hqeNfz9JbBeXA==
  dependencies:
    inherits "^2.0.3"
    minimalistic-assert "^1.0.1"

hmac-drbg@^1.0.1:
  version "1.0.1"
  resolved "https://registry.npmjs.org/hmac-drbg/-/hmac-drbg-1.0.1.tgz"
  integrity sha1-0nRXAQJabHdabFRXk+1QL8DGSaE=
  dependencies:
    hash.js "^1.0.3"
    minimalistic-assert "^1.0.0"
    minimalistic-crypto-utils "^1.0.1"

inherits@^2.0.1, inherits@^2.0.3, inherits@^2.0.4, inherits@~2.0.3:
  version "2.0.4"
  resolved "https://registry.npmjs.org/inherits/-/inherits-2.0.4.tgz"
  integrity sha512-k/vGaX4/Yla3WzyMCvTQOXYeIHvqOKtnqBduzTHpzpQZzAskKMhZ2K+EnBiSM9zGSoIFeMpXKxa4dYeZIQqewQ==

int53@^0.2.4:
  version "0.2.4"
  resolved "https://registry.npmjs.org/int53/-/int53-0.2.4.tgz"
  integrity sha1-XtjXqtbFxlZ8rmmqf/xKEJ7oD4Y=

is-nan@^1.3.2:
  version "1.3.2"
  resolved "https://registry.yarnpkg.com/is-nan/-/is-nan-1.3.2.tgz#043a54adea31748b55b6cd4e09aadafa69bd9e1d"
  integrity sha512-E+zBKpQ2t6MEo1VsonYmluk9NxGrbzpeeLC2xIViuO2EjU2xsXsBPwTr3Ykv9l08UYEVEdWeRZNouaZqF6RN0w==
  dependencies:
    call-bind "^1.0.0"
    define-properties "^1.1.3"

isarray@~1.0.0:
  version "1.0.0"
  resolved "https://registry.npmjs.org/isarray/-/isarray-1.0.0.tgz"
  integrity sha1-u5NdSFgsuhaMBoNJV6VKPgcSTxE=

json-stable-stringify@^1.0.1:
  version "1.0.1"
  resolved "https://registry.npmjs.org/json-stable-stringify/-/json-stable-stringify-1.0.1.tgz"
  integrity sha1-mnWdOcXy/1A/1TAGRu1EX4jE+a8=
  dependencies:
    jsonify "~0.0.0"

json-stringify-safe@^5.0.1:
  version "5.0.1"
  resolved "https://registry.npmjs.org/json-stringify-safe/-/json-stringify-safe-5.0.1.tgz"
  integrity sha1-Epai1Y/UXxmg9s4B1lcB4sc1tus=

jsonify@~0.0.0:
  version "0.0.0"
  resolved "https://registry.npmjs.org/jsonify/-/jsonify-0.0.0.tgz"
  integrity sha1-LHS27kHZPKUbe1qu6PUDYx0lKnM=

kareem@2.3.2:
  version "2.3.2"
  resolved "https://registry.npmjs.org/kareem/-/kareem-2.3.2.tgz"
  integrity sha512-STHz9P7X2L4Kwn72fA4rGyqyXdmrMSdxqHx9IXon/FXluXieaFA6KJ2upcHAHxQPQ0LeM/OjLrhFxifHewOALQ==

long-timeout@0.1.1:
  version "0.1.1"
  resolved "https://registry.yarnpkg.com/long-timeout/-/long-timeout-0.1.1.tgz#9721d788b47e0bcb5a24c2e2bee1a0da55dab514"
  integrity sha1-lyHXiLR+C8taJMLivuGg2lXatRQ=

luxon@^1.26.0:
  version "1.27.0"
  resolved "https://registry.yarnpkg.com/luxon/-/luxon-1.27.0.tgz#ae10c69113d85dab8f15f5e8390d0cbeddf4f00f"
  integrity sha512-VKsFsPggTA0DvnxtJdiExAucKdAnwbCCNlMM5ENvHlxubqWd0xhZcdb4XgZ7QFNhaRhilXCFxHuoObP5BNA4PA==

md5.js@^1.3.4:
  version "1.3.5"
  resolved "https://registry.npmjs.org/md5.js/-/md5.js-1.3.5.tgz"
  integrity sha512-xitP+WxNPcTTOgnTJcrhM0xvdPepipPSf3I8EIpGKeFLjt3PlJLIDG3u8EX53ZIubkb+5U2+3rELYpEhHhzdkg==
  dependencies:
    hash-base "^3.0.0"
    inherits "^2.0.1"
    safe-buffer "^5.1.2"

memory-pager@^1.0.2:
  version "1.5.0"
  resolved "https://registry.npmjs.org/memory-pager/-/memory-pager-1.5.0.tgz"
  integrity sha512-ZS4Bp4r/Zoeq6+NLJpP+0Zzm0pR8whtGPf1XExKLJBAczGMnSi3It14OiNCStjQjM6NU1okjQGSxgEZN8eBYKg==

mime-db@1.48.0:
  version "1.48.0"
  resolved "https://registry.npmjs.org/mime-db/-/mime-db-1.48.0.tgz"
  integrity sha512-FM3QwxV+TnZYQ2aRqhlKBMHxk10lTbMt3bBkMAp54ddrNeVSfcQYOOKuGuy3Ddrm38I04If834fOUSq1yzslJQ==

mime-types@^2.1.12:
  version "2.1.31"
  resolved "https://registry.npmjs.org/mime-types/-/mime-types-2.1.31.tgz"
  integrity sha512-XGZnNzm3QvgKxa8dpzyhFTHmpP3l5YNusmne07VUOXxou9CqUqYa/HBy124RqtVh/O2pECas/MOcsDgpilPOPg==
  dependencies:
    mime-db "1.48.0"

minimalistic-assert@^1.0.0, minimalistic-assert@^1.0.1:
  version "1.0.1"
  resolved "https://registry.npmjs.org/minimalistic-assert/-/minimalistic-assert-1.0.1.tgz"
  integrity sha512-UtJcAD4yEaGtjPezWuO9wC4nwUnVH/8/Im3yEHQP4b67cXlD/Qr9hdITCU1xDbSEXg2XKNaP8jsReV7vQd00/A==

minimalistic-crypto-utils@^1.0.1:
  version "1.0.1"
  resolved "https://registry.npmjs.org/minimalistic-crypto-utils/-/minimalistic-crypto-utils-1.0.1.tgz"
  integrity sha1-9sAMHAsIIkblxNmd+4x8CDsrWCo=

minimist@^1.2.0:
  version "1.2.5"
  resolved "https://registry.npmjs.org/minimist/-/minimist-1.2.5.tgz"
  integrity sha512-FM9nNUYrRBAELZQT3xeZQ7fmMOBg6nWNmJKTcgsJeaLstP/UODVpGsr5OhXhhXg6f+qtJ8uiZ+PUxkDWcgIXLw==

mongodb@3.6.8:
  version "3.6.8"
  resolved "https://registry.npmjs.org/mongodb/-/mongodb-3.6.8.tgz"
  integrity sha512-sDjJvI73WjON1vapcbyBD3Ao9/VN3TKYY8/QX9EPbs22KaCSrQ5rXo5ZZd44tWJ3wl3FlnrFZ+KyUtNH6+1ZPQ==
  dependencies:
    bl "^2.2.1"
    bson "^1.1.4"
    denque "^1.4.1"
    optional-require "^1.0.3"
    safe-buffer "^5.1.2"
  optionalDependencies:
    saslprep "^1.0.0"

mongoose-legacy-pluralize@1.0.2:
  version "1.0.2"
  resolved "https://registry.npmjs.org/mongoose-legacy-pluralize/-/mongoose-legacy-pluralize-1.0.2.tgz"
  integrity sha512-Yo/7qQU4/EyIS8YDFSeenIvXxZN+ld7YdV9LqFVQJzTLye8unujAWPZ4NWKfFA+RNjh+wvTWKY9Z3E5XM6ZZiQ==

mongoose@^5.10.15:
  version "5.12.15"
  resolved "https://registry.npmjs.org/mongoose/-/mongoose-5.12.15.tgz"
  integrity sha512-GVvxE2/mbUsxAbTtleFlehCNMFlzcgKue/olukIpoN6iw1MYXKodf+ZIRndO+2jzlgbZgiHkAZZJbcFNt1DgHA==
  dependencies:
    "@types/mongodb" "^3.5.27"
    bson "^1.1.4"
    kareem "2.3.2"
    mongodb "3.6.8"
    mongoose-legacy-pluralize "1.0.2"
    mpath "0.8.3"
    mquery "3.2.5"
    ms "2.1.2"
    regexp-clone "1.0.0"
    safe-buffer "5.2.1"
    sift "13.5.2"
    sliced "1.0.1"

mpath@0.8.3:
  version "0.8.3"
  resolved "https://registry.npmjs.org/mpath/-/mpath-0.8.3.tgz"
  integrity sha512-eb9rRvhDltXVNL6Fxd2zM9D4vKBxjVVQNLNijlj7uoXUy19zNDsIif5zR+pWmPCWNKwAtqyo4JveQm4nfD5+eA==

mquery@3.2.5:
  version "3.2.5"
  resolved "https://registry.npmjs.org/mquery/-/mquery-3.2.5.tgz"
  integrity sha512-VjOKHHgU84wij7IUoZzFRU07IAxd5kWJaDmyUzQlbjHjyoeK5TNeeo8ZsFDtTYnSgpW6n/nMNIHvE3u8Lbrf4A==
  dependencies:
    bluebird "3.5.1"
    debug "3.1.0"
    regexp-clone "^1.0.0"
    safe-buffer "5.1.2"
    sliced "1.0.1"

ms@2.0.0:
  version "2.0.0"
  resolved "https://registry.npmjs.org/ms/-/ms-2.0.0.tgz"
  integrity sha1-VgiurfwAvmwpAd9fmGF4jeDVl8g=

ms@2.1.2:
  version "2.1.2"
  resolved "https://registry.npmjs.org/ms/-/ms-2.1.2.tgz"
  integrity sha512-sGkPx+VjMtmA6MX27oA4FBFELFCZZ4S4XqeGOXCv68tT+jb3vk/RyaKWP0PTKyWtmLSM0b+adUTEvbs1PEaH2w==

ms@^2.1.1:
  version "2.1.3"
  resolved "https://registry.npmjs.org/ms/-/ms-2.1.3.tgz"
  integrity sha512-6FlzubTLZG3J2a/NVCAleEhjzq5oxgHyaCU9yYXvcLsvoVaHJq/s5xXI6/XXP6tz7R9xAOtHnSO/tXtF3WRTlA==

nan@^2.13.2:
  version "2.14.2"
  resolved "https://registry.npmjs.org/nan/-/nan-2.14.2.tgz"
  integrity sha512-M2ufzIiINKCuDfBSAUr1vWQ+vuVcA9kqx8JJUsbQi6yf1uGRyb7HfpdfUr5qLXf3B/t8dPvcjhKMmlfnP47EzQ==

ndjson@^1.5.0:
  version "1.5.0"
  resolved "https://registry.npmjs.org/ndjson/-/ndjson-1.5.0.tgz"
  integrity sha1-rmA7NrE0vOw0e0UkIrC/mNWDLsg=
  dependencies:
    json-stringify-safe "^5.0.1"
    minimist "^1.2.0"
    split2 "^2.1.0"
    through2 "^2.0.3"

node-addon-api@^2.0.0:
  version "2.0.2"
  resolved "https://registry.npmjs.org/node-addon-api/-/node-addon-api-2.0.2.tgz"
  integrity sha512-Ntyt4AIXyaLIuMHF6IOoTakB3K+RWxwtsHNRxllEoA6vPwP9o4866g6YWDLUdnucilZhmkxiHwHr11gAENw+QA==

node-fetch@^2.6.1:
  version "2.6.1"
  resolved "https://registry.npmjs.org/node-fetch/-/node-fetch-2.6.1.tgz"
  integrity sha512-V4aYg89jEoVRxRb2fJdAg8FHvI7cEyYdVAh94HH0UIK8oJxUfkjlDQN9RbMx+bEjP7+ggMiFRprSti032Oipxw==

node-gyp-build@^4.2.0:
  version "4.2.3"
  resolved "https://registry.npmjs.org/node-gyp-build/-/node-gyp-build-4.2.3.tgz"
  integrity sha512-MN6ZpzmfNCRM+3t57PTJHgHyw/h4OWnZ6mR8P5j/uZtqQr46RRuDE/P+g3n0YR/AiYXeWixZZzaip77gdICfRg==

node-schedule@^2.0.0:
  version "2.0.0"
  resolved "https://registry.yarnpkg.com/node-schedule/-/node-schedule-2.0.0.tgz#73ab4957d056c63708409cc1fab676e0e149c191"
  integrity sha512-cHc9KEcfiuXxYDU+HjsBVo2FkWL1jRAUoczFoMIzRBpOA4p/NRHuuLs85AWOLgKsHtSPjN8csvwIxc2SqMv+CQ==
  dependencies:
    cron-parser "^3.1.0"
    long-timeout "0.1.1"
    sorted-array-functions "^1.3.0"

object-assign@^4.1.0:
  version "4.1.1"
  resolved "https://registry.npmjs.org/object-assign/-/object-assign-4.1.1.tgz"
  integrity sha1-IQmtx5ZYh8/AXLvUQsrIv7s2CGM=

object-keys@^1.0.12:
  version "1.1.1"
  resolved "https://registry.yarnpkg.com/object-keys/-/object-keys-1.1.1.tgz#1c47f272df277f3b1daf061677d9c82e2322c60e"
  integrity sha512-NuAESUOUMrlIXOfHKzD6bpPu3tYt3xvjNdRIQ+FeT0lNb4K8WR70CaDxhuNguS2XG+GjkyMwOzsN5ZktImfhLA==

old@^0.1.3:
  version "0.1.3"
  resolved "https://registry.npmjs.org/old/-/old-0.1.3.tgz"
  integrity sha1-WCTZn/xOxujFKz886VWhel+BStE=
  dependencies:
    object-assign "^4.1.0"

once@^1.3.1, once@^1.4.0:
  version "1.4.0"
  resolved "https://registry.npmjs.org/once/-/once-1.4.0.tgz"
  integrity sha1-WDsap3WWHUsROsF9nFC6753Xa9E=
  dependencies:
    wrappy "1"

optional-require@^1.0.3:
  version "1.0.3"
  resolved "https://registry.npmjs.org/optional-require/-/optional-require-1.0.3.tgz"
  integrity sha512-RV2Zp2MY2aeYK5G+B/Sps8lW5NHAzE5QClbFP15j+PWmP+T9PxlJXBOOLoSAdgwFvS4t0aMR4vpedMkbHfh0nA==

pbkdf2@^3.0.9:
  version "3.1.2"
  resolved "https://registry.npmjs.org/pbkdf2/-/pbkdf2-3.1.2.tgz"
  integrity sha512-iuh7L6jA7JEGu2WxDwtQP1ddOpaJNC4KlDEFfdQajSGgGPNi4OyDc2R7QnbY2bR9QjBVGwgvTdNJZoE7RaxUMA==
  dependencies:
    create-hash "^1.1.2"
    create-hmac "^1.1.4"
    ripemd160 "^2.0.1"
    safe-buffer "^5.0.1"
    sha.js "^2.4.8"

prism-media@^1.2.9:
  version "1.3.1"
  resolved "https://registry.npmjs.org/prism-media/-/prism-media-1.3.1.tgz"
  integrity sha512-nyYAa3KB4qteJIqdguKmwxTJgy55xxUtkJ3uRnOvO5jO+frci+9zpRXw6QZVcfDeva3S654fU9+26P2OSTzjHw==

process-nextick-args@~2.0.0:
  version "2.0.1"
  resolved "https://registry.npmjs.org/process-nextick-args/-/process-nextick-args-2.0.1.tgz"
  integrity sha512-3ouUOpQhtgrbOa17J7+uxOTpITYWaGP7/AhoR3+A+/1e9skrzelGi/dXzEYyvbxubEF6Wn2ypscTKiKJFFn1ag==

pump@^2.0.0:
  version "2.0.1"
  resolved "https://registry.npmjs.org/pump/-/pump-2.0.1.tgz"
  integrity sha512-ruPMNRkN3MHP1cWJc9OWr+T/xDP0jhXYCLfJcBuX54hhfIBnaQmAUMfDcG4DM5UMWByBbJY69QSphm3jtDKIkA==
  dependencies:
    end-of-stream "^1.1.0"
    once "^1.3.1"

pumpify@^1.3.5:
  version "1.5.1"
  resolved "https://registry.npmjs.org/pumpify/-/pumpify-1.5.1.tgz"
  integrity sha512-oClZI37HvuUJJxSKKrC17bZ9Cu0ZYhEAGPsPUy9KlMUmv9dKX2o77RUmq7f3XjIxbwyGwYzbzQ1L2Ks8sIradQ==
  dependencies:
    duplexify "^3.6.0"
    inherits "^2.0.3"
    pump "^2.0.0"

randombytes@^2.0.1:
  version "2.1.0"
  resolved "https://registry.npmjs.org/randombytes/-/randombytes-2.1.0.tgz"
  integrity sha512-vYl3iOX+4CKUWuxGi9Ukhie6fsqXqS9FE2Zaic4tNFD2N2QQaXOMFbuKK4QmDHC0JO6B1Zp41J0LpT0oR68amQ==
  dependencies:
    safe-buffer "^5.1.0"

readable-stream@^2.0.0, readable-stream@^2.3.3, readable-stream@^2.3.5, readable-stream@~2.3.6:
  version "2.3.7"
  resolved "https://registry.npmjs.org/readable-stream/-/readable-stream-2.3.7.tgz"
  integrity sha512-Ebho8K4jIbHAxnuxi7o42OrZgF/ZTNcsZj6nRKyUmkhLFq8CHItp/fy6hQZuZmP/n3yZ9VBUbp4zz/mX8hmYPw==
  dependencies:
    core-util-is "~1.0.0"
    inherits "~2.0.3"
    isarray "~1.0.0"
    process-nextick-args "~2.0.0"
    safe-buffer "~5.1.1"
    string_decoder "~1.1.1"
    util-deprecate "~1.0.1"

readable-stream@^3.6.0:
  version "3.6.0"
  resolved "https://registry.npmjs.org/readable-stream/-/readable-stream-3.6.0.tgz"
  integrity sha512-BViHy7LKeTz4oNnkcLJ+lVSL6vpiFeX6/d3oSH8zCW7UxP2onchk+vTGB143xuFjHS3deTgkKoXXymXqymiIdA==
  dependencies:
    inherits "^2.0.3"
    string_decoder "^1.1.1"
    util-deprecate "^1.0.1"

regexp-clone@1.0.0, regexp-clone@^1.0.0:
  version "1.0.0"
  resolved "https://registry.npmjs.org/regexp-clone/-/regexp-clone-1.0.0.tgz"
  integrity sha512-TuAasHQNamyyJ2hb97IuBEif4qBHGjPHBS64sZwytpLEqtBQ1gPJTnOaQ6qmpET16cK14kkjbazl6+p0RRv0yw==

ripemd160@^2.0.0, ripemd160@^2.0.1:
  version "2.0.2"
  resolved "https://registry.npmjs.org/ripemd160/-/ripemd160-2.0.2.tgz"
  integrity sha512-ii4iagi25WusVoiC4B4lq7pbXfAp3D9v5CwfkY33vffw2+pkDjY1D8GaN7spsxvCSx8dkPqOZCEZyfxcmJG2IA==
  dependencies:
    hash-base "^3.0.0"
    inherits "^2.0.1"

safe-buffer@5.1.2, safe-buffer@~5.1.0, safe-buffer@~5.1.1:
  version "5.1.2"
  resolved "https://registry.npmjs.org/safe-buffer/-/safe-buffer-5.1.2.tgz"
  integrity sha512-Gd2UZBJDkXlY7GbJxfsE8/nvKkUEU1G38c1siN6QP6a9PT9MmHB8GnpscSmMJSoF8LOIrt8ud/wPtojys4G6+g==

safe-buffer@5.2.1, safe-buffer@^5.0.1, safe-buffer@^5.1.0, safe-buffer@^5.1.1, safe-buffer@^5.1.2, safe-buffer@^5.2.0, safe-buffer@~5.2.0:
  version "5.2.1"
  resolved "https://registry.npmjs.org/safe-buffer/-/safe-buffer-5.2.1.tgz"
  integrity sha512-rp3So07KcdmmKbGvgaNxQSJr7bGVSVk5S9Eq1F+ppbRo70+YeaDxkw5Dd8NPN+GD6bjnYm2VuPuCXmpuYvmCXQ==

saslprep@^1.0.0:
  version "1.0.3"
  resolved "https://registry.npmjs.org/saslprep/-/saslprep-1.0.3.tgz"
  integrity sha512-/MY/PEMbk2SuY5sScONwhUDsV2p77Znkb/q3nSVstq/yQzYJOH/Azh29p9oJLsl3LnQwSvZDKagDGBsBwSooag==
  dependencies:
    sparse-bitfield "^3.0.3"

secp256k1@4.0.1:
  version "4.0.1"
  resolved "https://registry.npmjs.org/secp256k1/-/secp256k1-4.0.1.tgz"
  integrity sha512-iGRjbGAKfXMqhtdkkuNxsgJQfJO8Oo78Rm7DAvsG3XKngq+nJIOGqrCSXcQqIVsmCj0wFanE5uTKFxV3T9j2wg==
  dependencies:
    elliptic "^6.5.2"
    node-addon-api "^2.0.0"
    node-gyp-build "^4.2.0"

setimmediate@^1.0.5:
  version "1.0.5"
  resolved "https://registry.npmjs.org/setimmediate/-/setimmediate-1.0.5.tgz"
  integrity sha1-KQy7Iy4waULX1+qbg3Mqt4VvgoU=

sha.js@^2.4.0, sha.js@^2.4.8:
  version "2.4.11"
  resolved "https://registry.npmjs.org/sha.js/-/sha.js-2.4.11.tgz"
  integrity sha512-QMEp5B7cftE7APOjk5Y6xgrbWu+WkLVQwk8JNjZ8nKRciZaByEW6MubieAiToS7+dwvrjGhH8jRXz3MVd0AYqQ==
  dependencies:
    inherits "^2.0.1"
    safe-buffer "^5.0.1"

sift@13.5.2:
  version "13.5.2"
  resolved "https://registry.npmjs.org/sift/-/sift-13.5.2.tgz"
  integrity sha512-+gxdEOMA2J+AI+fVsCqeNn7Tgx3M9ZN9jdi95939l1IJ8cZsqS8sqpJyOkic2SJk+1+98Uwryt/gL6XDaV+UZA==

sliced@1.0.1:
  version "1.0.1"
  resolved "https://registry.npmjs.org/sliced/-/sliced-1.0.1.tgz"
  integrity sha1-CzpmK10Ewxd7GSa+qCsD+Dei70E=

sorted-array-functions@^1.3.0:
  version "1.3.0"
  resolved "https://registry.yarnpkg.com/sorted-array-functions/-/sorted-array-functions-1.3.0.tgz#8605695563294dffb2c9796d602bd8459f7a0dd5"
  integrity sha512-2sqgzeFlid6N4Z2fUQ1cvFmTOLRi/sEDzSQ0OKYchqgoPmQBVyM3959qYx3fpS6Esef80KjmpgPeEr028dP3OA==

sparse-bitfield@^3.0.3:
  version "3.0.3"
  resolved "https://registry.npmjs.org/sparse-bitfield/-/sparse-bitfield-3.0.3.tgz"
  integrity sha1-/0rm5oZWBWuks+eSqzM004JzyhE=
  dependencies:
    memory-pager "^1.0.2"

split2@^2.1.0:
  version "2.2.0"
  resolved "https://registry.npmjs.org/split2/-/split2-2.2.0.tgz"
  integrity sha512-RAb22TG39LhI31MbreBgIuKiIKhVsawfTgEGqKHTK87aG+ul/PB8Sqoi3I7kVdRWiCfrKxK3uo4/YUkpNvhPbw==
  dependencies:
    through2 "^2.0.2"

stream-shift@^1.0.0:
  version "1.0.1"
  resolved "https://registry.npmjs.org/stream-shift/-/stream-shift-1.0.1.tgz"
  integrity sha512-AiisoFqQ0vbGcZgQPY1cdP2I76glaVA/RauYR4G4thNFgkTqr90yXTo4LYX60Jl+sIlPNHHdGSwo01AvbKUSVQ==

string_decoder@^1.1.1:
  version "1.3.0"
  resolved "https://registry.npmjs.org/string_decoder/-/string_decoder-1.3.0.tgz"
  integrity sha512-hkRX8U1WjJFd8LsDJ2yQ/wWWxaopEsABU1XfkM8A+j0+85JAGppt16cr1Whg6KIbb4okU6Mql6BOj+uup/wKeA==
  dependencies:
    safe-buffer "~5.2.0"

string_decoder@~1.1.1:
  version "1.1.1"
  resolved "https://registry.npmjs.org/string_decoder/-/string_decoder-1.1.1.tgz"
  integrity sha512-n/ShnvDi6FHbbVfviro+WojiFzv+s8MPMHBczVePfUpDJLwoLT0ht1l4YwBCbi8pJAveEEdnkHyPyTP/mzRfwg==
  dependencies:
    safe-buffer "~5.1.0"

supercop.js@^2.0.1:
  version "2.0.1"
  resolved "https://registry.npmjs.org/supercop.js/-/supercop.js-2.0.1.tgz"
  integrity sha1-H8/p/F/25CrvTjaDY2yMuJFZSxg=

tendermint@^5.0.2:
  version "5.0.2"
  resolved "https://registry.npmjs.org/tendermint/-/tendermint-5.0.2.tgz"
  integrity sha512-ZHoz/azpd9xxfV7Q3W51ZJh/8AC+GRoRu0If778uyjakhkFR8dRfhV2RNC4PFXVmH3EIkLOXVkLJB7rELulxTQ==
  dependencies:
    axios "^0.19.0"
    camelcase "^4.0.0"
    create-hash "^1.1.3"
    debug "^3.1.0"
    json-stable-stringify "^1.0.1"
    ndjson "^1.5.0"
    old "^0.1.3"
    pumpify "^1.3.5"
    supercop.js "^2.0.1"
    varstruct "^6.1.1"
    websocket-stream "^5.1.1"

through2@^2.0.2, through2@^2.0.3:
  version "2.0.5"
  resolved "https://registry.npmjs.org/through2/-/through2-2.0.5.tgz"
  integrity sha512-/mrRod8xqpA+IHSLyGCQ2s8SPHiCDEeQJSep1jqLYeEUClOFG2Qsh+4FU6G9VeqpZnGW/Su8LQGc4YKni5rYSQ==
  dependencies:
    readable-stream "~2.3.6"
    xtend "~4.0.1"

tiny-secp256k1@^1.1.3:
  version "1.1.6"
  resolved "https://registry.npmjs.org/tiny-secp256k1/-/tiny-secp256k1-1.1.6.tgz"
  integrity sha512-FmqJZGduTyvsr2cF3375fqGHUovSwDi/QytexX1Se4BPuPZpTE5Ftp5fg+EFSuEf3lhZqgCRjEG3ydUQ/aNiwA==
  dependencies:
    bindings "^1.3.0"
    bn.js "^4.11.8"
    create-hmac "^1.1.7"
    elliptic "^6.4.0"
    nan "^2.13.2"

tweetnacl@^1.0.3:
  version "1.0.3"
  resolved "https://registry.npmjs.org/tweetnacl/-/tweetnacl-1.0.3.tgz"
  integrity sha512-6rt+RN7aOi1nGMyC4Xa5DdYiukl2UWCbcJft7YhxReBGQD7OAM8Pbxw6YMo4r2diNEA8FEmu32YOn9rhaiE5yw==

typeforce@^1.11.5:
  version "1.18.0"
  resolved "https://registry.npmjs.org/typeforce/-/typeforce-1.18.0.tgz"
  integrity sha512-7uc1O8h1M1g0rArakJdf0uLRSSgFcYexrVoKo+bzJd32gd4gDy2L/Z+8/FjPnU9ydY3pEnVPtr9FyscYY60K1g==

typescript@^4.3.4:
  version "4.3.4"
  resolved "https://registry.npmjs.org/typescript/-/typescript-4.3.4.tgz"
  integrity sha512-uauPG7XZn9F/mo+7MrsRjyvbxFpzemRjKEZXS4AK83oP2KKOJPvb+9cO/gmnv8arWZvhnjVOXz7B49m1l0e9Ew==

ultron@~1.1.0:
  version "1.1.1"
  resolved "https://registry.npmjs.org/ultron/-/ultron-1.1.1.tgz"
  integrity sha512-UIEXBNeYmKptWH6z8ZnqTeS8fV74zG0/eRU9VGkpzz+LIJNs8W/zM/L+7ctCkRrgbNnnR0xxw4bKOr0cW0N0Og==

util-deprecate@^1.0.1, util-deprecate@~1.0.1:
  version "1.0.2"
  resolved "https://registry.npmjs.org/util-deprecate/-/util-deprecate-1.0.2.tgz"
  integrity sha1-RQ1Nyfpw3nMnYvvS1KKJgUGaDM8=

varstruct@^6.1.1:
  version "6.1.3"
  resolved "https://registry.npmjs.org/varstruct/-/varstruct-6.1.3.tgz"
  integrity sha512-4l1Q7uxrVUBZXsMcb2cakrZL6gd4G+Ykn/m9cGnT4EY8iRBPkxOxKVDwOnL9AsIPKmREBx5BDqjfNMKKP6Zy2w==
  dependencies:
    int53 "^0.2.4"
    safe-buffer "^5.1.1"

websocket-stream@^5.1.1:
  version "5.5.2"
  resolved "https://registry.npmjs.org/websocket-stream/-/websocket-stream-5.5.2.tgz"
  integrity sha512-8z49MKIHbGk3C4HtuHWDtYX8mYej1wWabjthC/RupM9ngeukU4IWoM46dgth1UOS/T4/IqgEdCDJuMe2039OQQ==
  dependencies:
    duplexify "^3.5.1"
    inherits "^2.0.1"
    readable-stream "^2.3.3"
    safe-buffer "^5.1.2"
    ws "^3.2.0"
    xtend "^4.0.0"

wif@^2.0.6:
  version "2.0.6"
  resolved "https://registry.npmjs.org/wif/-/wif-2.0.6.tgz"
  integrity sha1-CNP1IFbGZnkplyb63g1DKudLRwQ=
  dependencies:
    bs58check "<3.0.0"

wokcommands@^1.3.6:
  version "1.3.6"
  resolved "https://registry.npmjs.org/wokcommands/-/wokcommands-1.3.6.tgz"
  integrity sha512-x5ZpKUpCWllDG/I7Vk5pkMIg/vSBhX9KpXix9CwnfkB+qJv4Z3ESYIe4BFuuwOG8i6c15lVwdgQxuyuCRSrjVw==
  dependencies:
    discord.js "^12.5.3"
    dotenv "^8.2.0"
    mongoose "^5.10.15"

wrappy@1:
  version "1.0.2"
  resolved "https://registry.npmjs.org/wrappy/-/wrappy-1.0.2.tgz"
  integrity sha1-tSQ9jz7BqjXxNkYFvA0QNuMKtp8=

ws@^3.2.0:
  version "3.3.3"
  resolved "https://registry.npmjs.org/ws/-/ws-3.3.3.tgz"
  integrity sha512-nnWLa/NwZSt4KQJu51MYlCcSQ5g7INpOrOMt4XV8j4dqTXdmlUmSHQ8/oLC069ckre0fRsgfvsKwbTdtKLCDkA==
  dependencies:
    async-limiter "~1.0.0"
    safe-buffer "~5.1.0"
    ultron "~1.1.0"

ws@^7.4.4:
  version "7.5.0"
  resolved "https://registry.npmjs.org/ws/-/ws-7.5.0.tgz"
  integrity sha512-6ezXvzOZupqKj4jUqbQ9tXuJNo+BR2gU8fFRk3XCP3e0G6WT414u5ELe6Y0vtp7kmSJ3F7YWObSNr1ESsgi4vw==

ws@^7.4.6:
  version "7.5.1"
  resolved "https://registry.npmjs.org/ws/-/ws-7.5.1.tgz"
  integrity sha512-2c6faOUH/nhoQN6abwMloF7Iyl0ZS2E9HGtsiLrWn0zOOMWlhtDmdf/uihDt6jnuCxgtwGBNy6Onsoy2s2O2Ow==

xtend@^4.0.0, xtend@~4.0.1:
  version "4.0.2"
  resolved "https://registry.npmjs.org/xtend/-/xtend-4.0.2.tgz"
  integrity sha512-LKYU1iAXJXUgAXn9URjiu+MWhyUXHsvfp7mcuYm9dSUKK0/CjtrUwFAxD82/mCWbtLsGjFIad0wIsod4zrTAEQ==
